
Microsoft Visual Studio Solution File, Format Version 12.00
# Visual Studio Version 16
VisualStudioVersion = 16.0.30717.126
MinimumVisualStudioVersion = 10.0.40219.1
Project("{9A19103F-16F7-4668-BE54-9A1E7A4F7556}") = "Backend", "Backend.csproj", "{60AA10B1-6B88-432F-AD35-8DEA4D445A04}"
EndProject
Global
	GlobalSection(SolutionConfigurationPlatforms) = preSolution
		Debug|Any CPU = Debug|Any CPU
		Release|Any CPU = Release|Any CPU
	EndGlobalSection
	GlobalSection(ProjectConfigurationPlatforms) = postSolution
		{60AA10B1-6B88-432F-AD35-8DEA4D445A04}.Debug|Any CPU.ActiveCfg = Debug|Any CPU
		{60AA10B1-6B88-432F-AD35-8DEA4D445A04}.Debug|Any CPU.Build.0 = Debug|Any CPU
		{60AA10B1-6B88-432F-AD35-8DEA4D445A04}.Release|Any CPU.ActiveCfg = Release|Any CPU
		{60AA10B1-6B88-432F-AD35-8DEA4D445A04}.Release|Any CPU.Build.0 = Release|Any CPU
	EndGlobalSection
	GlobalSection(SolutionProperties) = preSolution
		HideSolutionNode = FALSE
	EndGlobalSection
	GlobalSection(ExtensibilityGlobals) = postSolution
		SolutionGuid = {BCF26313-AAC1-481B-BD8A-0A6A2455C4FA}
	EndGlobalSection
EndGlobal
