
Microsoft Visual Studio Solution File, Format Version 12.00
# Visual Studio Version 16
VisualStudioVersion = 16.0.30621.155
MinimumVisualStudioVersion = 10.0.40219.1
Project("{FAE04EC0-301F-11D3-BF4B-00C04F79EFBC}") = "Avaliacao", "Avaliacao\Avaliacao.csproj", "{99E2BA83-2BB6-4911-A99E-3B2631B9AD99}"
EndProject
Global
	GlobalSection(SolutionConfigurationPlatforms) = preSolution
		Debug|Any CPU = Debug|Any CPU
		Release|Any CPU = Release|Any CPU
	EndGlobalSection
	GlobalSection(ProjectConfigurationPlatforms) = postSolution
		{99E2BA83-2BB6-4911-A99E-3B2631B9AD99}.Debug|Any CPU.ActiveCfg = Debug|Any CPU
		{99E2BA83-2BB6-4911-A99E-3B2631B9AD99}.Debug|Any CPU.Build.0 = Debug|Any CPU
		{99E2BA83-2BB6-4911-A99E-3B2631B9AD99}.Release|Any CPU.ActiveCfg = Release|Any CPU
		{99E2BA83-2BB6-4911-A99E-3B2631B9AD99}.Release|Any CPU.Build.0 = Release|Any CPU
	EndGlobalSection
	GlobalSection(SolutionProperties) = preSolution
		HideSolutionNode = FALSE
	EndGlobalSection
	GlobalSection(ExtensibilityGlobals) = postSolution
		SolutionGuid = {D117F4F0-6193-4A83-90F5-C03774A430E3}
	EndGlobalSection
EndGlobal
